Microsoft Visual Studio Solution File, Format Version 12.00
# Visual Studio Version 17
VisualStudioVersion = 17.5.2.0
MinimumVisualStudioVersion = 10.0.40219.1
Project("{FAE04EC0-301F-11D3-BF4B-00C04F79EFBC}") = "sharepasswordAzure", "sharepasswordAzure\sharepasswordAzure.csproj", "{7B091819-477E-C3DC-6E4E-7DEC06B00E8A}"
EndProject
Global
	GlobalSection(SolutionConfigurationPlatforms) = preSolution
		Debug|Any CPU = Debug|Any CPU
		Release|Any CPU = Release|Any CPU
	EndGlobalSection
	GlobalSection(ProjectConfigurationPlatforms) = postSolution
		{7B091819-477E-C3DC-6E4E-7DEC06B00E8A}.Debug|Any CPU.ActiveCfg = Debug|Any CPU
		{7B091819-477E-C3DC-6E4E-7DEC06B00E8A}.Debug|Any CPU.Build.0 = Debug|Any CPU
		{7B091819-477E-C3DC-6E4E-7DEC06B00E8A}.Release|Any CPU.ActiveCfg = Release|Any CPU
		{7B091819-477E-C3DC-6E4E-7DEC06B00E8A}.Release|Any CPU.Build.0 = Release|Any CPU
	EndGlobalSection
	GlobalSection(SolutionProperties) = preSolution
		HideSolutionNode = FALSE
	EndGlobalSection
	GlobalSection(ExtensibilityGlobals) = postSolution
		SolutionGuid = {88C8B437-ADF7-472A-BE5E-17FC8F3E155D}
	EndGlobalSection
EndGlobal
